# THIS IS AN AUTOGENERATED FILE. DO NOT EDIT THIS FILE DIRECTLY.
# yarn lockfile v1


expo-constants@^9.0.0:
  version "9.0.0"
  resolved "https://registry.yarnpkg.com/expo-constants/-/expo-constants-9.0.0.tgz#35c600079ee91d38fe4f56375caae6e90f122fdd"
  integrity sha512-1kqZMM8Ez5JT3sTEx8I69fP6NYFLOJjeM6Z63dD/m2NiwvzSADiO5+BhghnWNGN1L3bxbgOjXS6EHtS7CdSfxA==
